{
  "nodes": {
    "flake-compat": {
      "flake": false,
      "locked": {
        "lastModified": 1606424373,
        "narHash": "sha256-oq8d4//CJOrVj+EcOaSXvMebvuTkmBJuT5tzlfewUnQ=",
        "owner": "edolstra",
        "repo": "flake-compat",
        "rev": "99f1c2157fba4bfe6211a321fd0ee43199025dbf",
        "type": "github"
      },
      "original": {
        "owner": "edolstra",
        "repo": "flake-compat",
        "type": "github"
      }
    },
    "flake-utils": {
      "locked": {
        "lastModified": 1610051610,
        "narHash": "sha256-U9rPz/usA1/Aohhk7Cmc2gBrEEKRzcW4nwPWMPwja4Y=",
        "owner": "numtide",
        "repo": "flake-utils",
        "rev": "3982c9903e93927c2164caa727cd3f6a0e6d14cc",
        "type": "github"
      },
      "original": {
        "owner": "numtide",
        "repo": "flake-utils",
        "type": "github"
      }
    },
    "home-manager": {
      "inputs": {
        "nixpkgs": [
          "nixpkgs"
        ]
      },
      "locked": {
        "lastModified": 1620252997,
        "narHash": "sha256-nDiBEVl3idqHNiiWcONrc1v0nbtZRCLGXkoTeTxaZoo=",
        "owner": "rycee",
        "repo": "home-manager",
        "rev": "f298705ae4c8994aba25296e1ee151a2d4e560c5",
        "type": "github"
      },
      "original": {
        "owner": "rycee",
        "repo": "home-manager",
        "type": "github"
      }
    },
    "master": {
      "locked": {
        "lastModified": 1620333785,
        "narHash": "sha256-Hx2GBVBiyWThbE3pkz1IFjcx8PHMAAyAFKTuOoqm0kY=",
        "owner": "nixos",
        "repo": "nixpkgs",
        "rev": "408a6e41639a99b43c7664ef26451fbe3575d27e",
        "type": "github"
      },
      "original": {
        "owner": "nixos",
        "ref": "master",
        "repo": "nixpkgs",
        "type": "github"
      }
    },
    "neovim-flake": {
      "inputs": {
        "flake-utils": "flake-utils",
        "nixpkgs": [
          "nixpkgs"
        ]
      },
      "locked": {
        "dir": "contrib",
        "lastModified": 1620233717,
        "narHash": "sha256-1rZUlGrBuSe1e+RACVkuWWDkvOcVGXpO02RnkOiiZcE=",
        "owner": "neovim",
        "repo": "neovim",
        "rev": "8a93d1028f38c77d7ad8b4ad0a93dc11a5cbe85d",
        "type": "github"
      },
      "original": {
        "dir": "contrib",
        "owner": "neovim",
        "repo": "neovim",
        "type": "github"
      }
    },
    "neovim-nightly-overlay": {
      "inputs": {
        "flake-compat": "flake-compat",
        "neovim-flake": "neovim-flake",
        "nixpkgs": "nixpkgs"
      },
      "locked": {
        "lastModified": 1620288705,
        "narHash": "sha256-LBIQ0+/l2ZPD67InfJG4kXJjNPQxvnZl+PMMhzW1b1Q=",
        "owner": "nix-community",
        "repo": "neovim-nightly-overlay",
        "rev": "829ea6c55f88b13a8dd7a371cc1cd69a5c707c76",
        "type": "github"
      },
      "original": {
        "owner": "nix-community",
        "repo": "neovim-nightly-overlay",
        "type": "github"
      }
    },
    "nixos-hardware": {
      "locked": {
        "lastModified": 1619336929,
        "narHash": "sha256-joIC2D26jtSbHodR/o8r+5T9XL2hXs6NIp5mVyA4JOc=",
        "owner": "NixOS",
        "repo": "nixos-hardware",
        "rev": "f7540d6c27704ec0fe56ecc8b2a9b663181850b0",
        "type": "github"
      },
      "original": {
        "owner": "NixOS",
        "repo": "nixos-hardware",
        "type": "github"
      }
    },
    "nixpkgs": {
      "locked": {
        "lastModified": 1620252427,
        "narHash": "sha256-U1Q5QceuT4chJTJ1UOt7bZOn9Y2o5/7w27RISjqXoQw=",
        "owner": "nixos",
        "repo": "nixpkgs",
        "rev": "d3ba49889a76539ea0f7d7285b203e7f81326ded",
        "type": "github"
      },
      "original": {
        "owner": "nixos",
        "ref": "nixos-unstable",
        "repo": "nixpkgs",
        "type": "github"
      }
    },
    "nixpkgs_2": {
      "locked": {
        "lastModified": 1618801528,
        "narHash": "sha256-1ru9LzP33ElEAZcDzYLgJQG3/uHhAg0LFJEfVZSOPZg=",
        "owner": "nixos",
        "repo": "nixpkgs",
        "rev": "0a5f5bab0e08e968ef25cff393312aa51a3512cf",
        "type": "github"
      },
      "original": {
        "owner": "nixos",
        "ref": "nixos-unstable",
        "repo": "nixpkgs",
        "type": "github"
      }
    },
    "root": {
      "inputs": {
        "home-manager": "home-manager",
        "master": "master",
        "neovim-nightly-overlay": "neovim-nightly-overlay",
        "nixos-hardware": "nixos-hardware",
        "nixpkgs": "nixpkgs_2",
        "stable": "stable"
      }
    },
    "stable": {
      "locked": {
        "lastModified": 1620249360,
        "narHash": "sha256-r++4Y0D1xTKtxHFS3xwrh6bvQ5AqCvWwWucFwggQf8U=",
        "owner": "NixOS",
        "repo": "nixpkgs",
        "rev": "eb7e1ef185f6c990cda5f71fdc4fb02e76ab06d5",
        "type": "github"
      },
      "original": {
        "owner": "NixOS",
        "ref": "nixos-20.09",
        "repo": "nixpkgs",
        "type": "github"
      }
    }
  },
  "root": "root",
  "version": 7
}
