{
  "nodes": {
    "flake-compat": {
      "flake": false,
      "locked": {
        "lastModified": 1606424373,
        "narHash": "sha256-oq8d4//CJOrVj+EcOaSXvMebvuTkmBJuT5tzlfewUnQ=",
        "owner": "edolstra",
        "repo": "flake-compat",
        "rev": "99f1c2157fba4bfe6211a321fd0ee43199025dbf",
        "type": "github"
      },
      "original": {
        "owner": "edolstra",
        "repo": "flake-compat",
        "type": "github"
      }
    },
    "flake-utils": {
      "locked": {
        "lastModified": 1610051610,
        "narHash": "sha256-U9rPz/usA1/Aohhk7Cmc2gBrEEKRzcW4nwPWMPwja4Y=",
        "owner": "numtide",
        "repo": "flake-utils",
        "rev": "3982c9903e93927c2164caa727cd3f6a0e6d14cc",
        "type": "github"
      },
      "original": {
        "owner": "numtide",
        "repo": "flake-utils",
        "type": "github"
      }
    },
    "gitignore": {
      "flake": false,
      "locked": {
        "lastModified": 1611672876,
        "narHash": "sha256-qHu3uZ/o9jBHiA3MEKHJ06k7w4heOhA+4HCSIvflRxo=",
        "owner": "hercules-ci",
        "repo": "gitignore.nix",
        "rev": "211907489e9f198594c0eb0ca9256a1949c9d412",
        "type": "github"
      },
      "original": {
        "owner": "hercules-ci",
        "repo": "gitignore.nix",
        "type": "github"
      }
    },
    "home-manager": {
      "inputs": {
        "nixpkgs": [
          "unstable"
        ]
      },
      "locked": {
        "lastModified": 1612882769,
        "narHash": "sha256-fp3brtAh5zhwYjSfynsEGDnw4pR8MNLB1lRh0leUW/Y=",
        "owner": "rycee",
        "repo": "home-manager",
        "rev": "87e2ec341bfda373d50ab58529b4bbb0eb9eb9a0",
        "type": "github"
      },
      "original": {
        "owner": "rycee",
        "repo": "home-manager",
        "type": "github"
      }
    },
    "master": {
      "locked": {
        "lastModified": 1613044423,
        "narHash": "sha256-RObdiLMhjKB71n2nM0OV2jdk3E6bkJc/ApZPwddTPKo=",
        "owner": "nixos",
        "repo": "nixpkgs",
        "rev": "65aeed59c52c572eccdf9237ce45d9fb0fd18b91",
        "type": "github"
      },
      "original": {
        "owner": "nixos",
        "ref": "master",
        "repo": "nixpkgs",
        "type": "github"
      }
    },
    "my-nixpkgs": {
      "locked": {
        "lastModified": 1613046458,
        "narHash": "sha256-P24GtTyz0+yfL83E9K2B1vvp5BSgPm5J4/r8eMLmYrI=",
        "owner": "ewok",
        "repo": "nixpkgs",
        "rev": "68fcc847a766d380b9e8018684f55406b2cf7859",
        "type": "github"
      },
      "original": {
        "owner": "ewok",
        "repo": "nixpkgs",
        "type": "github"
      }
    },
    "neovim-nightly": {
      "flake": false,
      "locked": {
        "lastModified": 1613008614,
        "narHash": "sha256-t8sKoH1QfdTb5Q1hAbpVJS4WsUr4HEZ6m0wrNEDX5jM=",
        "owner": "neovim",
        "repo": "neovim",
        "rev": "1aec5ba85e97889c792253424c5de9c12ddd6cf4",
        "type": "github"
      },
      "original": {
        "owner": "neovim",
        "repo": "neovim",
        "type": "github"
      }
    },
    "neovim-nightly-overlay": {
      "inputs": {
        "flake-compat": "flake-compat",
        "flake-utils": "flake-utils",
        "gitignore": "gitignore",
        "neovim-nightly": "neovim-nightly",
        "nixpkgs": "nixpkgs",
        "pre-commit-hooks": "pre-commit-hooks"
      },
      "locked": {
        "lastModified": 1613031099,
        "narHash": "sha256-eMQP5uEqvTosKSPHa4T6upNrHNkhlIZMc1VY3eop8gQ=",
        "owner": "mjlbach",
        "repo": "neovim-nightly-overlay",
        "rev": "2eacfc8dbb21ef5b59109d4614709b21a8f557a5",
        "type": "github"
      },
      "original": {
        "owner": "mjlbach",
        "repo": "neovim-nightly-overlay",
        "type": "github"
      }
    },
    "nixos-hardware": {
      "locked": {
        "lastModified": 1612981022,
        "narHash": "sha256-NKw0ntMPQw0cfNj0KzjF6QIguREEk79r6h5FMz8xbRQ=",
        "owner": "NixOS",
        "repo": "nixos-hardware",
        "rev": "0cb5491af9da8d6f16540ffc4db24e2361852e46",
        "type": "github"
      },
      "original": {
        "owner": "NixOS",
        "repo": "nixos-hardware",
        "type": "github"
      }
    },
    "nixpkgs": {
      "locked": {
        "lastModified": 1612980242,
        "narHash": "sha256-llxJ5yr8BJ00mQ/yS3atzoOc1gXEif27WRbfBtZA650=",
        "owner": "nixos",
        "repo": "nixpkgs",
        "rev": "dd65c8b2a7c936f2456c4d2c7a2dc6789bc3f177",
        "type": "github"
      },
      "original": {
        "owner": "nixos",
        "ref": "nixpkgs-unstable",
        "repo": "nixpkgs",
        "type": "github"
      }
    },
    "pre-commit-hooks": {
      "flake": false,
      "locked": {
        "lastModified": 1609781048,
        "narHash": "sha256-RTu4NDdAgwv83aFFJDnUkQFl/7giDSeEtQ/N17xxiXY=",
        "owner": "cachix",
        "repo": "pre-commit-hooks.nix",
        "rev": "c7e3896e35ceea480a7484ec1709be7bdda8849d",
        "type": "github"
      },
      "original": {
        "owner": "cachix",
        "repo": "pre-commit-hooks.nix",
        "type": "github"
      }
    },
    "root": {
      "inputs": {
        "home-manager": "home-manager",
        "master": "master",
        "my-nixpkgs": "my-nixpkgs",
        "neovim-nightly-overlay": "neovim-nightly-overlay",
        "nixos-hardware": "nixos-hardware",
        "stable": "stable",
        "unstable": "unstable"
      }
    },
    "stable": {
      "locked": {
        "lastModified": 1609725427,
        "narHash": "sha256-Yn97AVjFvQunGmwK3nnr7LihzMnp72jyaYNRRaJvAZ4=",
        "owner": "NixOS",
        "repo": "nixpkgs",
        "rev": "c5c6009fb436efe5732e07cd0e5692f495321752",
        "type": "github"
      },
      "original": {
        "owner": "NixOS",
        "ref": "nixos-20.09",
        "repo": "nixpkgs",
        "type": "github"
      }
    },
    "unstable": {
      "locked": {
        "lastModified": 1612907489,
        "narHash": "sha256-6IyZoY4wwnaBD71r6fhk0AAvyaOwVqZGOLD/CxKIKZo=",
        "owner": "nixos",
        "repo": "nixpkgs",
        "rev": "29a15e2c1f5ad64c235d78ba5e29a56fe520ad45",
        "type": "github"
      },
      "original": {
        "owner": "nixos",
        "ref": "nixos-unstable",
        "repo": "nixpkgs",
        "type": "github"
      }
    }
  },
  "root": "root",
  "version": 7
}
